
Microsoft Visual Studio Solution File, Format Version 12.00
# Visual Studio Version 17
VisualStudioVersion = 17.10.35013.160
MinimumVisualStudioVersion = 10.0.40219.1
Project("{9A19103F-16F7-4668-BE54-9A1E7A4F7556}") = "nugetwithgithub", "nugetwithgithub\nugetwithgithub.csproj", "{9B260B51-6947-47CC-B24D-F7B82BF8FC63}"
EndProject
Project("{2150E333-8FDC-42A3-9474-1A3956D46DE8}") = "Solution Items", "Solution Items", "{3AD39EAE-AE53-415C-A9C5-6BEF48CB64BC}"
	ProjectSection(SolutionItems) = preProject
		.github\workflows\publish.yml = .github\workflows\publish.yml
	EndProjectSection
EndProject
Global
	GlobalSection(SolutionConfigurationPlatforms) = preSolution
		Debug|Any CPU = Debug|Any CPU
		Release|Any CPU = Release|Any CPU
	EndGlobalSection
	GlobalSection(ProjectConfigurationPlatforms) = postSolution
		{9B260B51-6947-47CC-B24D-F7B82BF8FC63}.Debug|Any CPU.ActiveCfg = Debug|Any CPU
		{9B260B51-6947-47CC-B24D-F7B82BF8FC63}.Debug|Any CPU.Build.0 = Debug|Any CPU
		{9B260B51-6947-47CC-B24D-F7B82BF8FC63}.Release|Any CPU.ActiveCfg = Release|Any CPU
		{9B260B51-6947-47CC-B24D-F7B82BF8FC63}.Release|Any CPU.Build.0 = Release|Any CPU
	EndGlobalSection
	GlobalSection(SolutionProperties) = preSolution
		HideSolutionNode = FALSE
	EndGlobalSection
	GlobalSection(ExtensibilityGlobals) = postSolution
		SolutionGuid = {72BF661D-3628-428A-BF2D-9296D0D221BC}
	EndGlobalSection
EndGlobal
